{
  "nodes": {
    "nixpkgs": {
      "locked": {
        "lastModified": 1607327113,
        "narHash": "sha256-QK/qV1AaLnGEu+KwiPX7vSxzU9lMB6zM+kIbvjJo54k=",
        "owner": "NixOS",
        "repo": "nixpkgs",
        "rev": "83cbad92d73216bb0d9187c56cce0b91f9121d5a",
        "type": "github"
      },
      "original": {
        "id": "nixpkgs",
        "ref": "nixos-unstable",
        "type": "indirect"
      }
    },
    "root": {
      "inputs": {
        "nixpkgs": "nixpkgs"
      }
    }
  },
  "root": "root",
  "version": 7
}
